
Microsoft Visual Studio Solution File, Format Version 12.00
# Visual Studio Version 16
VisualStudioVersion = 16.0.31729.503
MinimumVisualStudioVersion = 10.0.40219.1
Project("{FAE04EC0-301F-11D3-BF4B-00C04F79EFBC}") = "demomvcapp", "demomvcapp.csproj", "{3364CFB6-B160-4C25-94AF-DFDC8C95A357}"
EndProject
Global
	GlobalSection(SolutionConfigurationPlatforms) = preSolution
		Debug|Any CPU = Debug|Any CPU
		Release|Any CPU = Release|Any CPU
	EndGlobalSection
	GlobalSection(ProjectConfigurationPlatforms) = postSolution
		{3364CFB6-B160-4C25-94AF-DFDC8C95A357}.Debug|Any CPU.ActiveCfg = Debug|Any CPU
		{3364CFB6-B160-4C25-94AF-DFDC8C95A357}.Debug|Any CPU.Build.0 = Debug|Any CPU
		{3364CFB6-B160-4C25-94AF-DFDC8C95A357}.Release|Any CPU.ActiveCfg = Release|Any CPU
		{3364CFB6-B160-4C25-94AF-DFDC8C95A357}.Release|Any CPU.Build.0 = Release|Any CPU
	EndGlobalSection
	GlobalSection(SolutionProperties) = preSolution
		HideSolutionNode = FALSE
	EndGlobalSection
	GlobalSection(ExtensibilityGlobals) = postSolution
		SolutionGuid = {464D76B6-E549-494D-B154-6ACF6D95EFF8}
	EndGlobalSection
EndGlobal
